
Microsoft Visual Studio Solution File, Format Version 12.00
# Visual Studio Version 17
VisualStudioVersion = 17.6.33801.468
MinimumVisualStudioVersion = 10.0.40219.1
Project("{FAE04EC0-301F-11D3-BF4B-00C04F79EFBC}") = "Views", "Views\Views.csproj", "{3BA74E86-6B45-4910-8EC6-5147EE44D5F4}"
EndProject
Project("{FAE04EC0-301F-11D3-BF4B-00C04F79EFBC}") = "Models", "Models\Models.csproj", "{3376A87F-DE97-42FA-91A7-6283C657FBBF}"
EndProject
Project("{FAE04EC0-301F-11D3-BF4B-00C04F79EFBC}") = "Controllers", "Controllers\Controllers.csproj", "{1AFD24CD-845C-4DC4-91D8-9C65078E4113}"
EndProject
Project("{FAE04EC0-301F-11D3-BF4B-00C04F79EFBC}") = "Database", "Database\Database.csproj", "{BAD8C450-732F-419C-972D-D3E6F9C0BE8C}"
EndProject
Global
	GlobalSection(SolutionConfigurationPlatforms) = preSolution
		Debug|Any CPU = Debug|Any CPU
		Release|Any CPU = Release|Any CPU
	EndGlobalSection
	GlobalSection(ProjectConfigurationPlatforms) = postSolution
		{3BA74E86-6B45-4910-8EC6-5147EE44D5F4}.Debug|Any CPU.ActiveCfg = Debug|Any CPU
		{3BA74E86-6B45-4910-8EC6-5147EE44D5F4}.Debug|Any CPU.Build.0 = Debug|Any CPU
		{3BA74E86-6B45-4910-8EC6-5147EE44D5F4}.Release|Any CPU.ActiveCfg = Release|Any CPU
		{3BA74E86-6B45-4910-8EC6-5147EE44D5F4}.Release|Any CPU.Build.0 = Release|Any CPU
		{3376A87F-DE97-42FA-91A7-6283C657FBBF}.Debug|Any CPU.ActiveCfg = Debug|Any CPU
		{3376A87F-DE97-42FA-91A7-6283C657FBBF}.Debug|Any CPU.Build.0 = Debug|Any CPU
		{3376A87F-DE97-42FA-91A7-6283C657FBBF}.Release|Any CPU.ActiveCfg = Release|Any CPU
		{3376A87F-DE97-42FA-91A7-6283C657FBBF}.Release|Any CPU.Build.0 = Release|Any CPU
		{1AFD24CD-845C-4DC4-91D8-9C65078E4113}.Debug|Any CPU.ActiveCfg = Debug|Any CPU
		{1AFD24CD-845C-4DC4-91D8-9C65078E4113}.Debug|Any CPU.Build.0 = Debug|Any CPU
		{1AFD24CD-845C-4DC4-91D8-9C65078E4113}.Release|Any CPU.ActiveCfg = Release|Any CPU
		{1AFD24CD-845C-4DC4-91D8-9C65078E4113}.Release|Any CPU.Build.0 = Release|Any CPU
		{BAD8C450-732F-419C-972D-D3E6F9C0BE8C}.Debug|Any CPU.ActiveCfg = Debug|Any CPU
		{BAD8C450-732F-419C-972D-D3E6F9C0BE8C}.Debug|Any CPU.Build.0 = Debug|Any CPU
		{BAD8C450-732F-419C-972D-D3E6F9C0BE8C}.Release|Any CPU.ActiveCfg = Release|Any CPU
		{BAD8C450-732F-419C-972D-D3E6F9C0BE8C}.Release|Any CPU.Build.0 = Release|Any CPU
	EndGlobalSection
	GlobalSection(SolutionProperties) = preSolution
		HideSolutionNode = FALSE
	EndGlobalSection
	GlobalSection(ExtensibilityGlobals) = postSolution
		SolutionGuid = {3E02D28E-6621-496D-B994-76A1D7BE10A0}
	EndGlobalSection
EndGlobal
